
Microsoft Visual Studio Solution File, Format Version 12.00
# Visual Studio Version 17
VisualStudioVersion = 17.8.34408.163
MinimumVisualStudioVersion = 10.0.40219.1
Project("{FAE04EC0-301F-11D3-BF4B-00C04F79EFBC}") = "DeliveryOrders.Server", "DeliveryOrders.Server\DeliveryOrders.Server.csproj", "{4AA9849A-6F66-443E-9FAE-73C5E7E468DA}"
EndProject
Project("{54A90642-561A-4BB1-A94E-469ADEE60C69}") = "deliveryorders.client", "deliveryorders.client\deliveryorders.client.esproj", "{956A64CC-53F6-4930-AA8A-20E4AEF210EB}"
EndProject
Global
	GlobalSection(SolutionConfigurationPlatforms) = preSolution
		Debug|Any CPU = Debug|Any CPU
		Release|Any CPU = Release|Any CPU
	EndGlobalSection
	GlobalSection(ProjectConfigurationPlatforms) = postSolution
		{4AA9849A-6F66-443E-9FAE-73C5E7E468DA}.Debug|Any CPU.ActiveCfg = Debug|Any CPU
		{4AA9849A-6F66-443E-9FAE-73C5E7E468DA}.Debug|Any CPU.Build.0 = Debug|Any CPU
		{4AA9849A-6F66-443E-9FAE-73C5E7E468DA}.Release|Any CPU.ActiveCfg = Release|Any CPU
		{4AA9849A-6F66-443E-9FAE-73C5E7E468DA}.Release|Any CPU.Build.0 = Release|Any CPU
		{956A64CC-53F6-4930-AA8A-20E4AEF210EB}.Debug|Any CPU.ActiveCfg = Debug|Any CPU
		{956A64CC-53F6-4930-AA8A-20E4AEF210EB}.Debug|Any CPU.Build.0 = Debug|Any CPU
		{956A64CC-53F6-4930-AA8A-20E4AEF210EB}.Debug|Any CPU.Deploy.0 = Debug|Any CPU
		{956A64CC-53F6-4930-AA8A-20E4AEF210EB}.Release|Any CPU.ActiveCfg = Release|Any CPU
		{956A64CC-53F6-4930-AA8A-20E4AEF210EB}.Release|Any CPU.Build.0 = Release|Any CPU
		{956A64CC-53F6-4930-AA8A-20E4AEF210EB}.Release|Any CPU.Deploy.0 = Release|Any CPU
	EndGlobalSection
	GlobalSection(SolutionProperties) = preSolution
		HideSolutionNode = FALSE
	EndGlobalSection
	GlobalSection(ExtensibilityGlobals) = postSolution
		SolutionGuid = {4EC3F5E6-466F-4A16-A557-D2E8D0AA4AFA}
	EndGlobalSection
EndGlobal
